
Microsoft Visual Studio Solution File, Format Version 12.00
# Visual Studio Version 16
VisualStudioVersion = 16.0.29102.190
MinimumVisualStudioVersion = 10.0.40219.1
Project("{FAE04EC0-301F-11D3-BF4B-00C04F79EFBC}") = "ClupaStoreFront", "ClupaStoreFront\ClupaStoreFront.csproj", "{1FDD7EEF-A4F0-4BC2-8889-95EE86EC49BB}"
EndProject
Global
	GlobalSection(SolutionConfigurationPlatforms) = preSolution
		Debug|Any CPU = Debug|Any CPU
		Release|Any CPU = Release|Any CPU
	EndGlobalSection
	GlobalSection(ProjectConfigurationPlatforms) = postSolution
		{1FDD7EEF-A4F0-4BC2-8889-95EE86EC49BB}.Debug|Any CPU.ActiveCfg = Debug|Any CPU
		{1FDD7EEF-A4F0-4BC2-8889-95EE86EC49BB}.Debug|Any CPU.Build.0 = Debug|Any CPU
		{1FDD7EEF-A4F0-4BC2-8889-95EE86EC49BB}.Release|Any CPU.ActiveCfg = Release|Any CPU
		{1FDD7EEF-A4F0-4BC2-8889-95EE86EC49BB}.Release|Any CPU.Build.0 = Release|Any CPU
	EndGlobalSection
	GlobalSection(SolutionProperties) = preSolution
		HideSolutionNode = FALSE
	EndGlobalSection
	GlobalSection(ExtensibilityGlobals) = postSolution
		SolutionGuid = {8617D4C9-2458-4016-9CC8-97458EA8E61C}
	EndGlobalSection
EndGlobal
